// !$*UTF8*$!
{
	archiveVersion = 1;
	classes = {
	};
	objectVersion = 46;
	objects = {

/* Begin PBXBuildFile section */
		ABC428711AD2335D00BDA15D /* main.m in Sources */ = {isa = PBXBuildFile; fileRef = ABC428701AD2335D00BDA15D /* main.m */; };
		ABC428741AD2335D00BDA15D /* AppDelegate.m in Sources */ = {isa = PBXBuildFile; fileRef = ABC428731AD2335D00BDA15D /* AppDelegate.m */; };
		ABC428771AD2335D00BDA15D /* ViewController.m in Sources */ = {isa = PBXBuildFile; fileRef = ABC428761AD2335D00BDA15D /* ViewController.m */; };
		ABC4287A1AD2335D00BDA15D /* Main.storyboard in Resources */ = {isa = PBXBuildFile; fileRef = ABC428781AD2335D00BDA15D /* Main.storyboard */; };
		ABC4287C1AD2335D00BDA15D /* Images.xcassets in Resources */ = {isa = PBXBuildFile; fileRef = ABC4287B1AD2335D00BDA15D /* Images.xcassets */; };
		ABC4287F1AD2335D00BDA15D /* LaunchScreen.xib in Resources */ = {isa = PBXBuildFile; fileRef = ABC4287D1AD2335D00BDA15D /* LaunchScreen.xib */; };
		ABC4288B1AD2335D00BDA15D /* FruityTests.m in Sources */ = {isa = PBXBuildFile; fileRef = ABC4288A1AD2335D00BDA15D /* FruityTests.m */; };
		ABC428A01AD6E49100BDA15D /* AddDeleteFruitsViewController.m in Sources */ = {isa = PBXBuildFile; fileRef = ABC4289F1AD6E49100BDA15D /* AddDeleteFruitsViewController.m */; };
		ABC428B11AD6FBCC00BDA15D /* calendar.png in Resources */ = {isa = PBXBuildFile; fileRef = ABC428AE1AD6FBCC00BDA15D /* calendar.png */; };
		ABC428B21AD6FBCC00BDA15D /* close.png in Resources */ = {isa = PBXBuildFile; fileRef = ABC428AF1AD6FBCC00BDA15D /* close.png */; };
		ABC428B31AD6FBCC00BDA15D /* settings.png in Resources */ = {isa = PBXBuildFile; fileRef = ABC428B01AD6FBCC00BDA15D /* settings.png */; };
/* End PBXBuildFile section */

/* Begin PBXContainerItemProxy section */
		ABC428851AD2335D00BDA15D /* PBXContainerItemProxy */ = {
			isa = PBXContainerItemProxy;
			containerPortal = ABC428631AD2335D00BDA15D /* Project object */;
			proxyType = 1;
			remoteGlobalIDString = ABC4286A1AD2335D00BDA15D;
			remoteInfo = Fruity;
		};
/* End PBXContainerItemProxy section */

/* Begin PBXFileReference section */
		ABC4286B1AD2335D00BDA15D /* Fruity.app */ = {isa = PBXFileReference; explicitFileType = wrapper.application; includeInIndex = 0; path = Fruity.app; sourceTree = BUILT_PRODUCTS_DIR; };
		ABC4286F1AD2335D00BDA15D /* Info.plist */ = {isa = PBXFileReference; lastKnownFileType = text.plist.xml; path = Info.plist; sourceTree = "<group>"; };
		ABC428701AD2335D00BDA15D /* main.m */ = {isa = PBXFileReference; lastKnownFileType = sourcecode.c.objc; path = main.m; sourceTree = "<group>"; };
		ABC428721AD2335D00BDA15D /* AppDelegate.h */ = {isa = PBXFileReference; lastKnownFileType = sourcecode.c.h; path = AppDelegate.h; sourceTree = "<group>"; };
		ABC428731AD2335D00BDA15D /* AppDelegate.m */ = {isa = PBXFileReference; lastKnownFileType = sourcecode.c.objc; path = AppDelegate.m; sourceTree = "<group>"; };
		ABC428751AD2335D00BDA15D /* ViewController.h */ = {isa = PBXFileReference; lastKnownFileType = sourcecode.c.h; path = ViewController.h; sourceTree = "<group>"; };
		ABC428761AD2335D00BDA15D /* ViewController.m */ = {isa = PBXFileReference; lastKnownFileType = sourcecode.c.objc; path = ViewController.m; sourceTree = "<group>"; };
		ABC428791AD2335D00BDA15D /* Base */ = {isa = PBXFileReference; lastKnownFileType = file.storyboard; name = Base; path = Base.lproj/Main.storyboard; sourceTree = "<group>"; };
		ABC4287B1AD2335D00BDA15D /* Images.xcassets */ = {isa = PBXFileReference; lastKnownFileType = folder.assetcatalog; path = Images.xcassets; sourceTree = "<group>"; };
		ABC4287E1AD2335D00BDA15D /* Base */ = {isa = PBXFileReference; lastKnownFileType = file.xib; name = Base; path = Base.lproj/LaunchScreen.xib; sourceTree = "<group>"; };
		ABC428841AD2335D00BDA15D /* FruityTests.xctest */ = {isa = PBXFileReference; explicitFileType = wrapper.cfbundle; includeInIndex = 0; path = FruityTests.xctest; sourceTree = BUILT_PRODUCTS_DIR; };
		ABC428891AD2335D00BDA15D /* Info.plist */ = {isa = PBXFileReference; lastKnownFileType = text.plist.xml; path = Info.plist; sourceTree = "<group>"; };
		ABC4288A1AD2335D00BDA15D /* FruityTests.m */ = {isa = PBXFileReference; lastKnownFileType = sourcecode.c.objc; path = FruityTests.m; sourceTree = "<group>"; };
		ABC4289E1AD6E49100BDA15D /* AddDeleteFruitsViewController.h */ = {isa = PBXFileReference; fileEncoding = 4; lastKnownFileType = sourcecode.c.h; path = AddDeleteFruitsViewController.h; sourceTree = "<group>"; };
		ABC4289F1AD6E49100BDA15D /* AddDeleteFruitsViewController.m */ = {isa = PBXFileReference; fileEncoding = 4; lastKnownFileType = sourcecode.c.objc; path = AddDeleteFruitsViewController.m; sourceTree = "<group>"; };
		ABC428AE1AD6FBCC00BDA15D /* calendar.png */ = {isa = PBXFileReference; lastKnownFileType = image.png; path = calendar.png; sourceTree = "<group>"; };
		ABC428AF1AD6FBCC00BDA15D /* close.png */ = {isa = PBXFileReference; lastKnownFileType = image.png; path = close.png; sourceTree = "<group>"; };
		ABC428B01AD6FBCC00BDA15D /* settings.png */ = {isa = PBXFileReference; lastKnownFileType = image.png; path = settings.png; sourceTree = "<group>"; };
/* End PBXFileReference section */

/* Begin PBXFrameworksBuildPhase section */
		ABC428681AD2335D00BDA15D /* Frameworks */ = {
			isa = PBXFrameworksBuildPhase;
			buildActionMask = 2147483647;
			files = (
			);
			runOnlyForDeploymentPostprocessing = 0;
		};
		ABC428811AD2335D00BDA15D /* Frameworks */ = {
			isa = PBXFrameworksBuildPhase;
			buildActionMask = 2147483647;
			files = (
			);
			runOnlyForDeploymentPostprocessing = 0;
		};
/* End PBXFrameworksBuildPhase section */

/* Begin PBXGroup section */
		ABC428621AD2335D00BDA15D = {
			isa = PBXGroup;
			children = (
				ABC428AD1AD6FBCC00BDA15D /* images */,
				ABC4286D1AD2335D00BDA15D /* Fruity */,
				ABC428871AD2335D00BDA15D /* FruityTests */,
				ABC4286C1AD2335D00BDA15D /* Products */,
			);
			sourceTree = "<group>";
		};
		ABC4286C1AD2335D00BDA15D /* Products */ = {
			isa = PBXGroup;
			children = (
				ABC4286B1AD2335D00BDA15D /* Fruity.app */,
				ABC428841AD2335D00BDA15D /* FruityTests.xctest */,
			);
			name = Products;
			sourceTree = "<group>";
		};
		ABC4286D1AD2335D00BDA15D /* Fruity */ = {
			isa = PBXGroup;
			children = (
				ABC428721AD2335D00BDA15D /* AppDelegate.h */,
				ABC428731AD2335D00BDA15D /* AppDelegate.m */,
				ABC428751AD2335D00BDA15D /* ViewController.h */,
				ABC428761AD2335D00BDA15D /* ViewController.m */,
				ABC428781AD2335D00BDA15D /* Main.storyboard */,
				ABC4289E1AD6E49100BDA15D /* AddDeleteFruitsViewController.h */,
				ABC4289F1AD6E49100BDA15D /* AddDeleteFruitsViewController.m */,
				ABC4287B1AD2335D00BDA15D /* Images.xcassets */,
				ABC4287D1AD2335D00BDA15D /* LaunchScreen.xib */,
				ABC4286E1AD2335D00BDA15D /* Supporting Files */,
			);
			path = Fruity;
			sourceTree = "<group>";
		};
		ABC4286E1AD2335D00BDA15D /* Supporting Files */ = {
			isa = PBXGroup;
			children = (
				ABC4286F1AD2335D00BDA15D /* Info.plist */,
				ABC428701AD2335D00BDA15D /* main.m */,
			);
			name = "Supporting Files";
			sourceTree = "<group>";
		};
		ABC428871AD2335D00BDA15D /* FruityTests */ = {
			isa = PBXGroup;
			children = (
				ABC4288A1AD2335D00BDA15D /* FruityTests.m */,
				ABC428881AD2335D00BDA15D /* Supporting Files */,
			);
			path = FruityTests;
			sourceTree = "<group>";
		};
		ABC428881AD2335D00BDA15D /* Supporting Files */ = {
			isa = PBXGroup;
			children = (
				ABC428891AD2335D00BDA15D /* Info.plist */,
			);
			name = "Supporting Files";
			sourceTree = "<group>";
		};
		ABC428AD1AD6FBCC00BDA15D /* images */ = {
			isa = PBXGroup;
			children = (
				ABC428AE1AD6FBCC00BDA15D /* calendar.png */,
				ABC428AF1AD6FBCC00BDA15D /* close.png */,
				ABC428B01AD6FBCC00BDA15D /* settings.png */,
			);
			path = images;
			sourceTree = "<group>";
		};
/* End PBXGroup section */

/* Begin PBXNativeTarget section */
		ABC4286A1AD2335D00BDA15D /* Fruity */ = {
			isa = PBXNativeTarget;
			buildConfigurationList = ABC4288E1AD2335D00BDA15D /* Build configuration list for PBXNativeTarget "Fruity" */;
			buildPhases = (
				ABC428671AD2335D00BDA15D /* Sources */,
				ABC428681AD2335D00BDA15D /* Frameworks */,
				ABC428691AD2335D00BDA15D /* Resources */,
			);
			buildRules = (
			);
			dependencies = (
			);
			name = Fruity;
			productName = Fruity;
			productReference = ABC4286B1AD2335D00BDA15D /* Fruity.app */;
			productType = "com.apple.product-type.application";
		};
		ABC428831AD2335D00BDA15D /* FruityTests */ = {
			isa = PBXNativeTarget;
			buildConfigurationList = ABC428911AD2335D00BDA15D /* Build configuration list for PBXNativeTarget "FruityTests" */;
			buildPhases = (
				ABC428801AD2335D00BDA15D /* Sources */,
				ABC428811AD2335D00BDA15D /* Frameworks */,
				ABC428821AD2335D00BDA15D /* Resources */,
			);
			buildRules = (
			);
			dependencies = (
				ABC428861AD2335D00BDA15D /* PBXTargetDependency */,
			);
			name = FruityTests;
			productName = FruityTests;
			productReference = ABC428841AD2335D00BDA15D /* FruityTests.xctest */;
			productType = "com.apple.product-type.bundle.unit-test";
		};
/* End PBXNativeTarget section */

/* Begin PBXProject section */
		ABC428631AD2335D00BDA15D /* Project object */ = {
			isa = PBXProject;
			attributes = {
				LastUpgradeCheck = 0620;
				ORGANIZATIONNAME = "Shiyuan Jiang";
				TargetAttributes = {
					ABC4286A1AD2335D00BDA15D = {
						CreatedOnToolsVersion = 6.2;
					};
					ABC428831AD2335D00BDA15D = {
						CreatedOnToolsVersion = 6.2;
						TestTargetID = ABC4286A1AD2335D00BDA15D;
					};
				};
			};
			buildConfigurationList = ABC428661AD2335D00BDA15D /* Build configuration list for PBXProject "Fruity" */;
			compatibilityVersion = "Xcode 3.2";
			developmentRegion = English;
			hasScannedForEncodings = 0;
			knownRegions = (
				en,
				Base,
			);
			mainGroup = ABC428621AD2335D00BDA15D;
			productRefGroup = ABC4286C1AD2335D00BDA15D /* Products */;
			projectDirPath = "";
			projectRoot = "";
			targets = (
				ABC4286A1AD2335D00BDA15D /* Fruity */,
				ABC428831AD2335D00BDA15D /* FruityTests */,
			);
		};
/* End PBXProject section */

/* Begin PBXResourcesBuildPhase section */
		ABC428691AD2335D00BDA15D /* Resources */ = {
			isa = PBXResourcesBuildPhase;
			buildActionMask = 2147483647;
			files = (
				ABC428B31AD6FBCC00BDA15D /* settings.png in Resources */,
				ABC4287A1AD2335D00BDA15D /* Main.storyboard in Resources */,
				ABC428B11AD6FBCC00BDA15D /* calendar.png in Resources */,
				ABC4287F1AD2335D00BDA15D /* LaunchScreen.xib in Resources */,
				ABC428B21AD6FBCC00BDA15D /* close.png in Resources */,
				ABC4287C1AD2335D00BDA15D /* Images.xcassets in Resources */,
			);
			runOnlyForDeploymentPostprocessing = 0;
		};
		ABC428821AD2335D00BDA15D /* Resources */ = {
			isa = PBXResourcesBuildPhase;
			buildActionMask = 2147483647;
			files = (
			);
			runOnlyForDeploymentPostprocessing = 0;
		};
/* End PBXResourcesBuildPhase section */

/* Begin PBXSourcesBuildPhase section */
		ABC428671AD2335D00BDA15D /* Sources */ = {
			isa = PBXSourcesBuildPhase;
			buildActionMask = 2147483647;
			files = (
				ABC428771AD2335D00BDA15D /* ViewController.m in Sources */,
				ABC428741AD2335D00BDA15D /* AppDelegate.m in Sources */,
				ABC428A01AD6E49100BDA15D /* AddDeleteFruitsViewController.m in Sources */,
				ABC428711AD2335D00BDA15D /* main.m in Sources */,
			);
			runOnlyForDeploymentPostprocessing = 0;
		};
		ABC428801AD2335D00BDA15D /* Sources */ = {
			isa = PBXSourcesBuildPhase;
			buildActionMask = 2147483647;
			files = (
				ABC4288B1AD2335D00BDA15D /* FruityTests.m in Sources */,
			);
			runOnlyForDeploymentPostprocessing = 0;
		};
/* End PBXSourcesBuildPhase section */

/* Begin PBXTargetDependency section */
		ABC428861AD2335D00BDA15D /* PBXTargetDependency */ = {
			isa = PBXTargetDependency;
			target = ABC4286A1AD2335D00BDA15D /* Fruity */;
			targetProxy = ABC428851AD2335D00BDA15D /* PBXContainerItemProxy */;
		};
/* End PBXTargetDependency section */

/* Begin PBXVariantGroup section */
		ABC428781AD2335D00BDA15D /* Main.storyboard */ = {
			isa = PBXVariantGroup;
			children = (
				ABC428791AD2335D00BDA15D /* Base */,
			);
			name = Main.storyboard;
			sourceTree = "<group>";
		};
		ABC4287D1AD2335D00BDA15D /* LaunchScreen.xib */ = {
			isa = PBXVariantGroup;
			children = (
				ABC4287E1AD2335D00BDA15D /* Base */,
			);
			name = LaunchScreen.xib;
			sourceTree = "<group>";
		};
/* End PBXVariantGroup section */

/* Begin XCBuildConfiguration section */
		ABC4288C1AD2335D00BDA15D /* Debug */ = {
			isa = XCBuildConfiguration;
			buildSettings = {
				ALWAYS_SEARCH_USER_PATHS = NO;
				CLANG_CXX_LANGUAGE_STANDARD = "gnu++0x";
				CLANG_CXX_LIBRARY = "libc++";
				CLANG_ENABLE_MODULES = YES;
				CLANG_ENABLE_OBJC_ARC = YES;
				CLANG_WARN_BOOL_CONVERSION = YES;
				CLANG_WARN_CONSTANT_CONVERSION = YES;
				CLANG_WARN_DIRECT_OBJC_ISA_USAGE = YES_ERROR;
				CLANG_WARN_EMPTY_BODY = YES;
				CLANG_WARN_ENUM_CONVERSION = YES;
				CLANG_WARN_INT_CONVERSION = YES;
				CLANG_WARN_OBJC_ROOT_CLASS = YES_ERROR;
				CLANG_WARN_UNREACHABLE_CODE = YES;
				CLANG_WARN__DUPLICATE_METHOD_MATCH = YES;
				"CODE_SIGN_IDENTITY[sdk=iphoneos*]" = "iPhone Developer";
				COPY_PHASE_STRIP = NO;
				ENABLE_STRICT_OBJC_MSGSEND = YES;
				GCC_C_LANGUAGE_STANDARD = gnu99;
				GCC_DYNAMIC_NO_PIC = NO;
				GCC_OPTIMIZATION_LEVEL = 0;
				GCC_PREPROCESSOR_DEFINITIONS = (
					"DEBUG=1",
					"$(inherited)",
				);
				GCC_SYMBOLS_PRIVATE_EXTERN = NO;
				GCC_WARN_64_TO_32_BIT_CONVERSION = YES;
				GCC_WARN_ABOUT_RETURN_TYPE = YES_ERROR;
				GCC_WARN_UNDECLARED_SELECTOR = YES;
				GCC_WARN_UNINITIALIZED_AUTOS = YES_AGGRESSIVE;
				GCC_WARN_UNUSED_FUNCTION = YES;
				GCC_WARN_UNUSED_VARIABLE = YES;
				IPHONEOS_DEPLOYMENT_TARGET = 8.2;
				MTL_ENABLE_DEBUG_INFO = YES;
				ONLY_ACTIVE_ARCH = YES;
				SDKROOT = iphoneos;
			};
			name = Debug;
		};
		ABC4288D1AD2335D00BDA15D /* Release */ = {
			isa = XCBuildConfiguration;
			buildSettings = {
				ALWAYS_SEARCH_USER_PATHS = NO;
				CLANG_CXX_LANGUAGE_STANDARD = "gnu++0x";
				CLANG_CXX_LIBRARY = "libc++";
				CLANG_ENABLE_MODULES = YES;
				CLANG_ENABLE_OBJC_ARC = YES;
				CLANG_WARN_BOOL_CONVERSION = YES;
				CLANG_WARN_CONSTANT_CONVERSION = YES;
				CLANG_WARN_DIRECT_OBJC_ISA_USAGE = YES_ERROR;
				CLANG_WARN_EMPTY_BODY = YES;
				CLANG_WARN_ENUM_CONVERSION = YES;
				CLANG_WARN_INT_CONVERSION = YES;
				CLANG_WARN_OBJC_ROOT_CLASS = YES_ERROR;
				CLANG_WARN_UNREACHABLE_CODE = YES;
				CLANG_WARN__DUPLICATE_METHOD_MATCH = YES;
				"CODE_SIGN_IDENTITY[sdk=iphoneos*]" = "iPhone Developer";
				COPY_PHASE_STRIP = NO;
				ENABLE_NS_ASSERTIONS = NO;
				ENABLE_STRICT_OBJC_MSGSEND = YES;
				GCC_C_LANGUAGE_STANDARD = gnu99;
				GCC_WARN_64_TO_32_BIT_CONVERSION = YES;
				GCC_WARN_ABOUT_RETURN_TYPE = YES_ERROR;
				GCC_WARN_UNDECLARED_SELECTOR = YES;
				GCC_WARN_UNINITIALIZED_AUTOS = YES_AGGRESSIVE;
				GCC_WARN_UNUSED_FUNCTION = YES;
				GCC_WARN_UNUSED_VARIABLE = YES;
				IPHONEOS_DEPLOYMENT_TARGET = 8.2;
				MTL_ENABLE_DEBUG_INFO = NO;
				SDKROOT = iphoneos;
				VALIDATE_PRODUCT = YES;
			};
			name = Release;
		};
		ABC4288F1AD2335D00BDA15D /* Debug */ = {
			isa = XCBuildConfiguration;
			buildSettings = {
				ASSETCATALOG_COMPILER_APPICON_NAME = AppIcon;
				INFOPLIST_FILE = Fruity/Info.plist;
				LD_RUNPATH_SEARCH_PATHS = "$(inherited) @executable_path/Frameworks";
				PRODUCT_NAME = "$(TARGET_NAME)";
				TARGETED_DEVICE_FAMILY = 1;
			};
			name = Debug;
		};
		ABC428901AD2335D00BDA15D /* Release */ = {
			isa = XCBuildConfiguration;
			buildSettings = {
				ASSETCATALOG_COMPILER_APPICON_NAME = AppIcon;
				INFOPLIST_FILE = Fruity/Info.plist;
				LD_RUNPATH_SEARCH_PATHS = "$(inherited) @executable_path/Frameworks";
				PRODUCT_NAME = "$(TARGET_NAME)";
				TARGETED_DEVICE_FAMILY = 1;
			};
			name = Release;
		};
		ABC428921AD2335D00BDA15D /* Debug */ = {
			isa = XCBuildConfiguration;
			buildSettings = {
				BUNDLE_LOADER = "$(TEST_HOST)";
				FRAMEWORK_SEARCH_PATHS = (
					"$(SDKROOT)/Developer/Library/Frameworks",
					"$(inherited)",
				);
				GCC_PREPROCESSOR_DEFINITIONS = (
					"DEBUG=1",
					"$(inherited)",
				);
				INFOPLIST_FILE = FruityTests/Info.plist;
				LD_RUNPATH_SEARCH_PATHS = "$(inherited) @executable_path/Frameworks @loader_path/Frameworks";
				PRODUCT_NAME = "$(TARGET_NAME)";
				TEST_HOST = "$(BUILT_PRODUCTS_DIR)/Fruity.app/Fruity";
			};
			name = Debug;
		};
		ABC428931AD2335D00BDA15D /* Release */ = {
			isa = XCBuildConfiguration;
			buildSettings = {
				BUNDLE_LOADER = "$(TEST_HOST)";
				FRAMEWORK_SEARCH_PATHS = (
					"$(SDKROOT)/Developer/Library/Frameworks",
					"$(inherited)",
				);
				INFOPLIST_FILE = FruityTests/Info.plist;
				LD_RUNPATH_SEARCH_PATHS = "$(inherited) @executable_path/Frameworks @loader_path/Frameworks";
				PRODUCT_NAME = "$(TARGET_NAME)";
				TEST_HOST = "$(BUILT_PRODUCTS_DIR)/Fruity.app/Fruity";
			};
			name = Release;
		};
/* End XCBuildConfiguration section */

/* Begin XCConfigurationList section */
		ABC428661AD2335D00BDA15D /* Build configuration list for PBXProject "Fruity" */ = {
			isa = XCConfigurationList;
			buildConfigurations = (
				ABC4288C1AD2335D00BDA15D /* Debug */,
				ABC4288D1AD2335D00BDA15D /* Release */,
			);
			defaultConfigurationIsVisible = 0;
			defaultConfigurationName = Release;
		};
		ABC4288E1AD2335D00BDA15D /* Build configuration list for PBXNativeTarget "Fruity" */ = {
			isa = XCConfigurationList;
			buildConfigurations = (
				ABC4288F1AD2335D00BDA15D /* Debug */,
				ABC428901AD2335D00BDA15D /* Release */,
			);
			defaultConfigurationIsVisible = 0;
			defaultConfigurationName = Release;
		};
		ABC428911AD2335D00BDA15D /* Build configuration list for PBXNativeTarget "FruityTests" */ = {
			isa = XCConfigurationList;
			buildConfigurations = (
				ABC428921AD2335D00BDA15D /* Debug */,
				ABC428931AD2335D00BDA15D /* Release */,
			);
			defaultConfigurationIsVisible = 0;
			defaultConfigurationName = Release;
		};
/* End XCConfigurationList section */
	};
	rootObject = ABC428631AD2335D00BDA15D /* Project object */;
}
