// !$*UTF8*$!
{
	archiveVersion = 1;
	classes = {
	};
	objectVersion = 46;
	objects = {

/* Begin PBXBuildFile section */
		AB82C6E61AEEB92700F8A951 /* DisplayCalendarMonthView.m in Sources */ = {isa = PBXBuildFile; fileRef = AB82C6E51AEEB92700F8A951 /* DisplayCalendarMonthView.m */; };
		AB82C6E81AEEF52400F8A951 /* FruityDB.db in Resources */ = {isa = PBXBuildFile; fileRef = AB82C6E71AEEF52400F8A951 /* FruityDB.db */; };
		ABAF88271AD9CB86008FE837 /* libsqlite3.dylib in Frameworks */ = {isa = PBXBuildFile; fileRef = ABC428C11AD7136700BDA15D /* libsqlite3.dylib */; };
		ABAF88291AD9F9C0008FE837 /* AvenirLTStd-Light.otf in Resources */ = {isa = PBXBuildFile; fileRef = ABAF88281AD9F9C0008FE837 /* AvenirLTStd-Light.otf */; };
		ABAF88321ADC9609008FE837 /* CalendarViewController.m in Sources */ = {isa = PBXBuildFile; fileRef = ABAF88311ADC9609008FE837 /* CalendarViewController.m */; };
		ABAF88351ADC9843008FE837 /* SeguePushFromLeft.m in Sources */ = {isa = PBXBuildFile; fileRef = ABAF88341ADC9843008FE837 /* SeguePushFromLeft.m */; };
		ABAF88381ADC9890008FE837 /* SeguePushFromRight.m in Sources */ = {isa = PBXBuildFile; fileRef = ABAF88371ADC9890008FE837 /* SeguePushFromRight.m */; };
		ABAF883B1ADDF3A7008FE837 /* AddReminderViewController.m in Sources */ = {isa = PBXBuildFile; fileRef = ABAF883A1ADDF3A7008FE837 /* AddReminderViewController.m */; };
		ABAF88441AE2DEAF008FE837 /* DisplaySeasonalFruitsScrollView.m in Sources */ = {isa = PBXBuildFile; fileRef = ABAF88431AE2DEAF008FE837 /* DisplaySeasonalFruitsScrollView.m */; };
		ABAF88471AE2E09F008FE837 /* GlobalVariables.m in Sources */ = {isa = PBXBuildFile; fileRef = ABAF88461AE2E09F008FE837 /* GlobalVariables.m */; };
		ABAF884A1AE30B57008FE837 /* AddFruitBottomView.m in Sources */ = {isa = PBXBuildFile; fileRef = ABAF88491AE30B57008FE837 /* AddFruitBottomView.m */; };
		ABAF884D1AE32744008FE837 /* DisplayStorageBottomView.m in Sources */ = {isa = PBXBuildFile; fileRef = ABAF884C1AE32744008FE837 /* DisplayStorageBottomView.m */; };
		ABC428711AD2335D00BDA15D /* main.m in Sources */ = {isa = PBXBuildFile; fileRef = ABC428701AD2335D00BDA15D /* main.m */; };
		ABC428741AD2335D00BDA15D /* AppDelegate.m in Sources */ = {isa = PBXBuildFile; fileRef = ABC428731AD2335D00BDA15D /* AppDelegate.m */; };
		ABC4287A1AD2335D00BDA15D /* Main.storyboard in Resources */ = {isa = PBXBuildFile; fileRef = ABC428781AD2335D00BDA15D /* Main.storyboard */; };
		ABC4287C1AD2335D00BDA15D /* Images.xcassets in Resources */ = {isa = PBXBuildFile; fileRef = ABC4287B1AD2335D00BDA15D /* Images.xcassets */; };
		ABC4288B1AD2335D00BDA15D /* FruityTests.m in Sources */ = {isa = PBXBuildFile; fileRef = ABC4288A1AD2335D00BDA15D /* FruityTests.m */; };
		ABC428A01AD6E49100BDA15D /* AddDeleteFruitsViewController.m in Sources */ = {isa = PBXBuildFile; fileRef = ABC4289F1AD6E49100BDA15D /* AddDeleteFruitsViewController.m */; };
		ABC428BD1AD710FC00BDA15D /* LaunchScreen.xib in Resources */ = {isa = PBXBuildFile; fileRef = ABC428BC1AD710FC00BDA15D /* LaunchScreen.xib */; };
		ABC428C01AD712E800BDA15D /* DBManager.m in Sources */ = {isa = PBXBuildFile; fileRef = ABC428BF1AD712E800BDA15D /* DBManager.m */; };
		ABC428C81AD72AAA00BDA15D /* FruitItemDBHelper.m in Sources */ = {isa = PBXBuildFile; fileRef = ABC428C71AD72AAA00BDA15D /* FruitItemDBHelper.m */; };
		ABC428CB1AD72B0C00BDA15D /* FruitItem.m in Sources */ = {isa = PBXBuildFile; fileRef = ABC428CA1AD72B0C00BDA15D /* FruitItem.m */; };
		ABC428CE1AD72DBD00BDA15D /* FruitItemBasicInfo.m in Sources */ = {isa = PBXBuildFile; fileRef = ABC428CD1AD72DBD00BDA15D /* FruitItemBasicInfo.m */; };
		ABC428D41AD7601200BDA15D /* FruitTouchButton.m in Sources */ = {isa = PBXBuildFile; fileRef = ABC428D31AD7601200BDA15D /* FruitTouchButton.m */; };
		ABC428D91AD9AB1700BDA15D /* SettingsViewController.m in Sources */ = {isa = PBXBuildFile; fileRef = ABC428D81AD9AB1700BDA15D /* SettingsViewController.m */; };
		ABC7A1351AE5AA2500F08733 /* DisplaySearchBarView.m in Sources */ = {isa = PBXBuildFile; fileRef = ABC7A1341AE5AA2500F08733 /* DisplaySearchBarView.m */; };
/* End PBXBuildFile section */

/* Begin PBXContainerItemProxy section */
		ABC428851AD2335D00BDA15D /* PBXContainerItemProxy */ = {
			isa = PBXContainerItemProxy;
			containerPortal = ABC428631AD2335D00BDA15D /* Project object */;
			proxyType = 1;
			remoteGlobalIDString = ABC4286A1AD2335D00BDA15D;
			remoteInfo = Fruity;
		};
/* End PBXContainerItemProxy section */

/* Begin PBXFileReference section */
		AB82C6E41AEEB92700F8A951 /* DisplayCalendarMonthView.h */ = {isa = PBXFileReference; fileEncoding = 4; lastKnownFileType = sourcecode.c.h; path = DisplayCalendarMonthView.h; sourceTree = "<group>"; };
		AB82C6E51AEEB92700F8A951 /* DisplayCalendarMonthView.m */ = {isa = PBXFileReference; fileEncoding = 4; lastKnownFileType = sourcecode.c.objc; path = DisplayCalendarMonthView.m; sourceTree = "<group>"; };
		AB82C6E71AEEF52400F8A951 /* FruityDB.db */ = {isa = PBXFileReference; lastKnownFileType = file; path = FruityDB.db; sourceTree = "<group>"; };
		ABAF88281AD9F9C0008FE837 /* AvenirLTStd-Light.otf */ = {isa = PBXFileReference; lastKnownFileType = file; name = "AvenirLTStd-Light.otf"; path = "../../../Downloads/avenir-lt-std/AvenirLTStd-Light.otf"; sourceTree = "<group>"; };
		ABAF88301ADC9609008FE837 /* CalendarViewController.h */ = {isa = PBXFileReference; fileEncoding = 4; lastKnownFileType = sourcecode.c.h; path = CalendarViewController.h; sourceTree = "<group>"; };
		ABAF88311ADC9609008FE837 /* CalendarViewController.m */ = {isa = PBXFileReference; fileEncoding = 4; lastKnownFileType = sourcecode.c.objc; path = CalendarViewController.m; sourceTree = "<group>"; };
		ABAF88331ADC9843008FE837 /* SeguePushFromLeft.h */ = {isa = PBXFileReference; fileEncoding = 4; lastKnownFileType = sourcecode.c.h; path = SeguePushFromLeft.h; sourceTree = "<group>"; };
		ABAF88341ADC9843008FE837 /* SeguePushFromLeft.m */ = {isa = PBXFileReference; fileEncoding = 4; lastKnownFileType = sourcecode.c.objc; path = SeguePushFromLeft.m; sourceTree = "<group>"; };
		ABAF88361ADC9890008FE837 /* SeguePushFromRight.h */ = {isa = PBXFileReference; fileEncoding = 4; lastKnownFileType = sourcecode.c.h; name = SeguePushFromRight.h; path = ../SeguePushFromRight.h; sourceTree = "<group>"; };
		ABAF88371ADC9890008FE837 /* SeguePushFromRight.m */ = {isa = PBXFileReference; fileEncoding = 4; lastKnownFileType = sourcecode.c.objc; name = SeguePushFromRight.m; path = ../SeguePushFromRight.m; sourceTree = "<group>"; };
		ABAF88391ADDF3A7008FE837 /* AddReminderViewController.h */ = {isa = PBXFileReference; fileEncoding = 4; lastKnownFileType = sourcecode.c.h; path = AddReminderViewController.h; sourceTree = "<group>"; };
		ABAF883A1ADDF3A7008FE837 /* AddReminderViewController.m */ = {isa = PBXFileReference; fileEncoding = 4; lastKnownFileType = sourcecode.c.objc; path = AddReminderViewController.m; sourceTree = "<group>"; };
		ABAF88421AE2DEAF008FE837 /* DisplaySeasonalFruitsScrollView.h */ = {isa = PBXFileReference; fileEncoding = 4; lastKnownFileType = sourcecode.c.h; path = DisplaySeasonalFruitsScrollView.h; sourceTree = "<group>"; };
		ABAF88431AE2DEAF008FE837 /* DisplaySeasonalFruitsScrollView.m */ = {isa = PBXFileReference; fileEncoding = 4; lastKnownFileType = sourcecode.c.objc; path = DisplaySeasonalFruitsScrollView.m; sourceTree = "<group>"; };
		ABAF88451AE2E09F008FE837 /* GlobalVariables.h */ = {isa = PBXFileReference; fileEncoding = 4; lastKnownFileType = sourcecode.c.h; path = GlobalVariables.h; sourceTree = "<group>"; };
		ABAF88461AE2E09F008FE837 /* GlobalVariables.m */ = {isa = PBXFileReference; fileEncoding = 4; lastKnownFileType = sourcecode.c.objc; path = GlobalVariables.m; sourceTree = "<group>"; };
		ABAF88481AE30B57008FE837 /* AddFruitBottomView.h */ = {isa = PBXFileReference; fileEncoding = 4; lastKnownFileType = sourcecode.c.h; path = AddFruitBottomView.h; sourceTree = "<group>"; };
		ABAF88491AE30B57008FE837 /* AddFruitBottomView.m */ = {isa = PBXFileReference; fileEncoding = 4; lastKnownFileType = sourcecode.c.objc; path = AddFruitBottomView.m; sourceTree = "<group>"; };
		ABAF884B1AE32744008FE837 /* DisplayStorageBottomView.h */ = {isa = PBXFileReference; fileEncoding = 4; lastKnownFileType = sourcecode.c.h; path = DisplayStorageBottomView.h; sourceTree = "<group>"; };
		ABAF884C1AE32744008FE837 /* DisplayStorageBottomView.m */ = {isa = PBXFileReference; fileEncoding = 4; lastKnownFileType = sourcecode.c.objc; path = DisplayStorageBottomView.m; sourceTree = "<group>"; };
		ABC4286B1AD2335D00BDA15D /* Fruity.app */ = {isa = PBXFileReference; explicitFileType = wrapper.application; includeInIndex = 0; path = Fruity.app; sourceTree = BUILT_PRODUCTS_DIR; };
		ABC4286F1AD2335D00BDA15D /* Info.plist */ = {isa = PBXFileReference; lastKnownFileType = text.plist.xml; path = Info.plist; sourceTree = "<group>"; };
		ABC428701AD2335D00BDA15D /* main.m */ = {isa = PBXFileReference; lastKnownFileType = sourcecode.c.objc; path = main.m; sourceTree = "<group>"; };
		ABC428721AD2335D00BDA15D /* AppDelegate.h */ = {isa = PBXFileReference; lastKnownFileType = sourcecode.c.h; path = AppDelegate.h; sourceTree = "<group>"; };
		ABC428731AD2335D00BDA15D /* AppDelegate.m */ = {isa = PBXFileReference; lastKnownFileType = sourcecode.c.objc; path = AppDelegate.m; sourceTree = "<group>"; };
		ABC428791AD2335D00BDA15D /* Base */ = {isa = PBXFileReference; lastKnownFileType = file.storyboard; name = Base; path = Base.lproj/Main.storyboard; sourceTree = "<group>"; };
		ABC4287B1AD2335D00BDA15D /* Images.xcassets */ = {isa = PBXFileReference; lastKnownFileType = folder.assetcatalog; path = Images.xcassets; sourceTree = "<group>"; };
		ABC428841AD2335D00BDA15D /* FruityTests.xctest */ = {isa = PBXFileReference; explicitFileType = wrapper.cfbundle; includeInIndex = 0; path = FruityTests.xctest; sourceTree = BUILT_PRODUCTS_DIR; };
		ABC428891AD2335D00BDA15D /* Info.plist */ = {isa = PBXFileReference; lastKnownFileType = text.plist.xml; path = Info.plist; sourceTree = "<group>"; };
		ABC4288A1AD2335D00BDA15D /* FruityTests.m */ = {isa = PBXFileReference; lastKnownFileType = sourcecode.c.objc; path = FruityTests.m; sourceTree = "<group>"; };
		ABC4289E1AD6E49100BDA15D /* AddDeleteFruitsViewController.h */ = {isa = PBXFileReference; fileEncoding = 4; lastKnownFileType = sourcecode.c.h; path = AddDeleteFruitsViewController.h; sourceTree = "<group>"; };
		ABC4289F1AD6E49100BDA15D /* AddDeleteFruitsViewController.m */ = {isa = PBXFileReference; fileEncoding = 4; lastKnownFileType = sourcecode.c.objc; lineEnding = 0; path = AddDeleteFruitsViewController.m; sourceTree = "<group>"; xcLanguageSpecificationIdentifier = xcode.lang.objc; };
		ABC428BC1AD710FC00BDA15D /* LaunchScreen.xib */ = {isa = PBXFileReference; fileEncoding = 4; lastKnownFileType = file.xib; path = LaunchScreen.xib; sourceTree = "<group>"; };
		ABC428BE1AD712E800BDA15D /* DBManager.h */ = {isa = PBXFileReference; fileEncoding = 4; lastKnownFileType = sourcecode.c.h; path = DBManager.h; sourceTree = "<group>"; };
		ABC428BF1AD712E800BDA15D /* DBManager.m */ = {isa = PBXFileReference; fileEncoding = 4; lastKnownFileType = sourcecode.c.objc; path = DBManager.m; sourceTree = "<group>"; };
		ABC428C11AD7136700BDA15D /* libsqlite3.dylib */ = {isa = PBXFileReference; lastKnownFileType = "compiled.mach-o.dylib"; name = libsqlite3.dylib; path = usr/lib/libsqlite3.dylib; sourceTree = SDKROOT; };
		ABC428C61AD72AAA00BDA15D /* FruitItemDBHelper.h */ = {isa = PBXFileReference; fileEncoding = 4; lastKnownFileType = sourcecode.c.h; path = FruitItemDBHelper.h; sourceTree = "<group>"; };
		ABC428C71AD72AAA00BDA15D /* FruitItemDBHelper.m */ = {isa = PBXFileReference; fileEncoding = 4; lastKnownFileType = sourcecode.c.objc; path = FruitItemDBHelper.m; sourceTree = "<group>"; };
		ABC428C91AD72B0C00BDA15D /* FruitItem.h */ = {isa = PBXFileReference; fileEncoding = 4; lastKnownFileType = sourcecode.c.h; name = FruitItem.h; path = ../FruitItem.h; sourceTree = "<group>"; };
		ABC428CA1AD72B0C00BDA15D /* FruitItem.m */ = {isa = PBXFileReference; fileEncoding = 4; lastKnownFileType = sourcecode.c.objc; name = FruitItem.m; path = ../FruitItem.m; sourceTree = "<group>"; };
		ABC428CC1AD72DBD00BDA15D /* FruitItemBasicInfo.h */ = {isa = PBXFileReference; fileEncoding = 4; lastKnownFileType = sourcecode.c.h; path = FruitItemBasicInfo.h; sourceTree = "<group>"; };
		ABC428CD1AD72DBD00BDA15D /* FruitItemBasicInfo.m */ = {isa = PBXFileReference; fileEncoding = 4; lastKnownFileType = sourcecode.c.objc; path = FruitItemBasicInfo.m; sourceTree = "<group>"; };
		ABC428D21AD7601200BDA15D /* FruitTouchButton.h */ = {isa = PBXFileReference; fileEncoding = 4; lastKnownFileType = sourcecode.c.h; path = FruitTouchButton.h; sourceTree = "<group>"; };
		ABC428D31AD7601200BDA15D /* FruitTouchButton.m */ = {isa = PBXFileReference; fileEncoding = 4; lastKnownFileType = sourcecode.c.objc; path = FruitTouchButton.m; sourceTree = "<group>"; };
		ABC428D71AD9AB1700BDA15D /* SettingsViewController.h */ = {isa = PBXFileReference; fileEncoding = 4; lastKnownFileType = sourcecode.c.h; path = SettingsViewController.h; sourceTree = "<group>"; };
		ABC428D81AD9AB1700BDA15D /* SettingsViewController.m */ = {isa = PBXFileReference; fileEncoding = 4; lastKnownFileType = sourcecode.c.objc; path = SettingsViewController.m; sourceTree = "<group>"; };
		ABC7A1331AE5AA2500F08733 /* DisplaySearchBarView.h */ = {isa = PBXFileReference; fileEncoding = 4; lastKnownFileType = sourcecode.c.h; path = DisplaySearchBarView.h; sourceTree = "<group>"; };
		ABC7A1341AE5AA2500F08733 /* DisplaySearchBarView.m */ = {isa = PBXFileReference; fileEncoding = 4; lastKnownFileType = sourcecode.c.objc; path = DisplaySearchBarView.m; sourceTree = "<group>"; };
/* End PBXFileReference section */

/* Begin PBXFrameworksBuildPhase section */
		ABC428681AD2335D00BDA15D /* Frameworks */ = {
			isa = PBXFrameworksBuildPhase;
			buildActionMask = 2147483647;
			files = (
				ABAF88271AD9CB86008FE837 /* libsqlite3.dylib in Frameworks */,
			);
			runOnlyForDeploymentPostprocessing = 0;
		};
		ABC428811AD2335D00BDA15D /* Frameworks */ = {
			isa = PBXFrameworksBuildPhase;
			buildActionMask = 2147483647;
			files = (
			);
			runOnlyForDeploymentPostprocessing = 0;
		};
/* End PBXFrameworksBuildPhase section */

/* Begin PBXGroup section */
		AB82C6EA1AF0127C00F8A951 /* StartingUI */ = {
			isa = PBXGroup;
			children = (
				ABC4289E1AD6E49100BDA15D /* AddDeleteFruitsViewController.h */,
				ABC4289F1AD6E49100BDA15D /* AddDeleteFruitsViewController.m */,
				ABC7A1331AE5AA2500F08733 /* DisplaySearchBarView.h */,
				ABC7A1341AE5AA2500F08733 /* DisplaySearchBarView.m */,
				ABAF884B1AE32744008FE837 /* DisplayStorageBottomView.h */,
				ABAF884C1AE32744008FE837 /* DisplayStorageBottomView.m */,
				ABAF88481AE30B57008FE837 /* AddFruitBottomView.h */,
				ABAF88491AE30B57008FE837 /* AddFruitBottomView.m */,
				ABAF88421AE2DEAF008FE837 /* DisplaySeasonalFruitsScrollView.h */,
				ABAF88431AE2DEAF008FE837 /* DisplaySeasonalFruitsScrollView.m */,
			);
			name = StartingUI;
			sourceTree = "<group>";
		};
		AB82C6EB1AF012C200F8A951 /* SettingsUI */ = {
			isa = PBXGroup;
			children = (
				ABC428D71AD9AB1700BDA15D /* SettingsViewController.h */,
				ABC428D81AD9AB1700BDA15D /* SettingsViewController.m */,
				ABAF88391ADDF3A7008FE837 /* AddReminderViewController.h */,
				ABAF883A1ADDF3A7008FE837 /* AddReminderViewController.m */,
			);
			name = SettingsUI;
			sourceTree = "<group>";
		};
		AB82C6EC1AF012FB00F8A951 /* DataBaseInterface */ = {
			isa = PBXGroup;
			children = (
				ABC428BE1AD712E800BDA15D /* DBManager.h */,
				ABC428BF1AD712E800BDA15D /* DBManager.m */,
				AB82C6E71AEEF52400F8A951 /* FruityDB.db */,
				ABC428C61AD72AAA00BDA15D /* FruitItemDBHelper.h */,
				ABC428C71AD72AAA00BDA15D /* FruitItemDBHelper.m */,
			);
			name = DataBaseInterface;
			sourceTree = "<group>";
		};
		AB82C6ED1AF0132100F8A951 /* CalendarUI */ = {
			isa = PBXGroup;
			children = (
				ABAF88301ADC9609008FE837 /* CalendarViewController.h */,
				ABAF88311ADC9609008FE837 /* CalendarViewController.m */,
				AB82C6E41AEEB92700F8A951 /* DisplayCalendarMonthView.h */,
				AB82C6E51AEEB92700F8A951 /* DisplayCalendarMonthView.m */,
			);
			name = CalendarUI;
			sourceTree = "<group>";
		};
		ABC428621AD2335D00BDA15D = {
			isa = PBXGroup;
			children = (
				ABC428C11AD7136700BDA15D /* libsqlite3.dylib */,
				ABC4286D1AD2335D00BDA15D /* Fruity */,
				ABC428871AD2335D00BDA15D /* FruityTests */,
				ABC4286C1AD2335D00BDA15D /* Products */,
			);
			sourceTree = "<group>";
		};
		ABC4286C1AD2335D00BDA15D /* Products */ = {
			isa = PBXGroup;
			children = (
				ABC4286B1AD2335D00BDA15D /* Fruity.app */,
				ABC428841AD2335D00BDA15D /* FruityTests.xctest */,
			);
			name = Products;
			sourceTree = "<group>";
		};
		ABC4286D1AD2335D00BDA15D /* Fruity */ = {
			isa = PBXGroup;
			children = (
				AB82C6ED1AF0132100F8A951 /* CalendarUI */,
				AB82C6EC1AF012FB00F8A951 /* DataBaseInterface */,
				AB82C6EB1AF012C200F8A951 /* SettingsUI */,
				AB82C6EA1AF0127C00F8A951 /* StartingUI */,
				ABAF88281AD9F9C0008FE837 /* AvenirLTStd-Light.otf */,
				ABC428721AD2335D00BDA15D /* AppDelegate.h */,
				ABC428731AD2335D00BDA15D /* AppDelegate.m */,
				ABC428781AD2335D00BDA15D /* Main.storyboard */,
				ABAF88361ADC9890008FE837 /* SeguePushFromRight.h */,
				ABAF88371ADC9890008FE837 /* SeguePushFromRight.m */,
				ABAF88331ADC9843008FE837 /* SeguePushFromLeft.h */,
				ABAF88341ADC9843008FE837 /* SeguePushFromLeft.m */,
				ABAF88451AE2E09F008FE837 /* GlobalVariables.h */,
				ABAF88461AE2E09F008FE837 /* GlobalVariables.m */,
				ABC428D21AD7601200BDA15D /* FruitTouchButton.h */,
				ABC428D31AD7601200BDA15D /* FruitTouchButton.m */,
				ABC428C91AD72B0C00BDA15D /* FruitItem.h */,
				ABC428CA1AD72B0C00BDA15D /* FruitItem.m */,
				ABC428CC1AD72DBD00BDA15D /* FruitItemBasicInfo.h */,
				ABC428CD1AD72DBD00BDA15D /* FruitItemBasicInfo.m */,
				ABC4287B1AD2335D00BDA15D /* Images.xcassets */,
				ABC4286E1AD2335D00BDA15D /* Supporting Files */,
				ABC428BC1AD710FC00BDA15D /* LaunchScreen.xib */,
			);
			path = Fruity;
			sourceTree = "<group>";
		};
		ABC4286E1AD2335D00BDA15D /* Supporting Files */ = {
			isa = PBXGroup;
			children = (
				ABC4286F1AD2335D00BDA15D /* Info.plist */,
				ABC428701AD2335D00BDA15D /* main.m */,
			);
			name = "Supporting Files";
			sourceTree = "<group>";
		};
		ABC428871AD2335D00BDA15D /* FruityTests */ = {
			isa = PBXGroup;
			children = (
				ABC4288A1AD2335D00BDA15D /* FruityTests.m */,
				ABC428881AD2335D00BDA15D /* Supporting Files */,
			);
			path = FruityTests;
			sourceTree = "<group>";
		};
		ABC428881AD2335D00BDA15D /* Supporting Files */ = {
			isa = PBXGroup;
			children = (
				ABC428891AD2335D00BDA15D /* Info.plist */,
			);
			name = "Supporting Files";
			sourceTree = "<group>";
		};
/* End PBXGroup section */

/* Begin PBXNativeTarget section */
		ABC4286A1AD2335D00BDA15D /* Fruity */ = {
			isa = PBXNativeTarget;
			buildConfigurationList = ABC4288E1AD2335D00BDA15D /* Build configuration list for PBXNativeTarget "Fruity" */;
			buildPhases = (
				ABC428671AD2335D00BDA15D /* Sources */,
				ABC428681AD2335D00BDA15D /* Frameworks */,
				ABC428691AD2335D00BDA15D /* Resources */,
			);
			buildRules = (
			);
			dependencies = (
			);
			name = Fruity;
			productName = Fruity;
			productReference = ABC4286B1AD2335D00BDA15D /* Fruity.app */;
			productType = "com.apple.product-type.application";
		};
		ABC428831AD2335D00BDA15D /* FruityTests */ = {
			isa = PBXNativeTarget;
			buildConfigurationList = ABC428911AD2335D00BDA15D /* Build configuration list for PBXNativeTarget "FruityTests" */;
			buildPhases = (
				ABC428801AD2335D00BDA15D /* Sources */,
				ABC428811AD2335D00BDA15D /* Frameworks */,
				ABC428821AD2335D00BDA15D /* Resources */,
			);
			buildRules = (
			);
			dependencies = (
				ABC428861AD2335D00BDA15D /* PBXTargetDependency */,
			);
			name = FruityTests;
			productName = FruityTests;
			productReference = ABC428841AD2335D00BDA15D /* FruityTests.xctest */;
			productType = "com.apple.product-type.bundle.unit-test";
		};
/* End PBXNativeTarget section */

/* Begin PBXProject section */
		ABC428631AD2335D00BDA15D /* Project object */ = {
			isa = PBXProject;
			attributes = {
				LastUpgradeCheck = 0620;
				ORGANIZATIONNAME = "Shiyuan Jiang";
				TargetAttributes = {
					ABC4286A1AD2335D00BDA15D = {
						CreatedOnToolsVersion = 6.2;
						DevelopmentTeam = JKHSM9GPY5;
					};
					ABC428831AD2335D00BDA15D = {
						CreatedOnToolsVersion = 6.2;
						TestTargetID = ABC4286A1AD2335D00BDA15D;
					};
				};
			};
			buildConfigurationList = ABC428661AD2335D00BDA15D /* Build configuration list for PBXProject "Fruity" */;
			compatibilityVersion = "Xcode 3.2";
			developmentRegion = English;
			hasScannedForEncodings = 0;
			knownRegions = (
				en,
				Base,
			);
			mainGroup = ABC428621AD2335D00BDA15D;
			productRefGroup = ABC4286C1AD2335D00BDA15D /* Products */;
			projectDirPath = "";
			projectRoot = "";
			targets = (
				ABC4286A1AD2335D00BDA15D /* Fruity */,
				ABC428831AD2335D00BDA15D /* FruityTests */,
			);
		};
/* End PBXProject section */

/* Begin PBXResourcesBuildPhase section */
		ABC428691AD2335D00BDA15D /* Resources */ = {
			isa = PBXResourcesBuildPhase;
			buildActionMask = 2147483647;
			files = (
				ABC4287A1AD2335D00BDA15D /* Main.storyboard in Resources */,
				ABAF88291AD9F9C0008FE837 /* AvenirLTStd-Light.otf in Resources */,
				ABC428BD1AD710FC00BDA15D /* LaunchScreen.xib in Resources */,
				ABC4287C1AD2335D00BDA15D /* Images.xcassets in Resources */,
				AB82C6E81AEEF52400F8A951 /* FruityDB.db in Resources */,
			);
			runOnlyForDeploymentPostprocessing = 0;
		};
		ABC428821AD2335D00BDA15D /* Resources */ = {
			isa = PBXResourcesBuildPhase;
			buildActionMask = 2147483647;
			files = (
			);
			runOnlyForDeploymentPostprocessing = 0;
		};
/* End PBXResourcesBuildPhase section */

/* Begin PBXSourcesBuildPhase section */
		ABC428671AD2335D00BDA15D /* Sources */ = {
			isa = PBXSourcesBuildPhase;
			buildActionMask = 2147483647;
			files = (
				ABAF883B1ADDF3A7008FE837 /* AddReminderViewController.m in Sources */,
				ABC7A1351AE5AA2500F08733 /* DisplaySearchBarView.m in Sources */,
				AB82C6E61AEEB92700F8A951 /* DisplayCalendarMonthView.m in Sources */,
				ABC428CB1AD72B0C00BDA15D /* FruitItem.m in Sources */,
				ABAF884A1AE30B57008FE837 /* AddFruitBottomView.m in Sources */,
				ABAF88441AE2DEAF008FE837 /* DisplaySeasonalFruitsScrollView.m in Sources */,
				ABAF88471AE2E09F008FE837 /* GlobalVariables.m in Sources */,
				ABC428741AD2335D00BDA15D /* AppDelegate.m in Sources */,
				ABC428A01AD6E49100BDA15D /* AddDeleteFruitsViewController.m in Sources */,
				ABAF88381ADC9890008FE837 /* SeguePushFromRight.m in Sources */,
				ABAF88321ADC9609008FE837 /* CalendarViewController.m in Sources */,
				ABC428D91AD9AB1700BDA15D /* SettingsViewController.m in Sources */,
				ABC428C81AD72AAA00BDA15D /* FruitItemDBHelper.m in Sources */,
				ABAF884D1AE32744008FE837 /* DisplayStorageBottomView.m in Sources */,
				ABC428711AD2335D00BDA15D /* main.m in Sources */,
				ABAF88351ADC9843008FE837 /* SeguePushFromLeft.m in Sources */,
				ABC428CE1AD72DBD00BDA15D /* FruitItemBasicInfo.m in Sources */,
				ABC428D41AD7601200BDA15D /* FruitTouchButton.m in Sources */,
				ABC428C01AD712E800BDA15D /* DBManager.m in Sources */,
			);
			runOnlyForDeploymentPostprocessing = 0;
		};
		ABC428801AD2335D00BDA15D /* Sources */ = {
			isa = PBXSourcesBuildPhase;
			buildActionMask = 2147483647;
			files = (
				ABC4288B1AD2335D00BDA15D /* FruityTests.m in Sources */,
			);
			runOnlyForDeploymentPostprocessing = 0;
		};
/* End PBXSourcesBuildPhase section */

/* Begin PBXTargetDependency section */
		ABC428861AD2335D00BDA15D /* PBXTargetDependency */ = {
			isa = PBXTargetDependency;
			target = ABC4286A1AD2335D00BDA15D /* Fruity */;
			targetProxy = ABC428851AD2335D00BDA15D /* PBXContainerItemProxy */;
		};
/* End PBXTargetDependency section */

/* Begin PBXVariantGroup section */
		ABC428781AD2335D00BDA15D /* Main.storyboard */ = {
			isa = PBXVariantGroup;
			children = (
				ABC428791AD2335D00BDA15D /* Base */,
			);
			name = Main.storyboard;
			sourceTree = "<group>";
		};
/* End PBXVariantGroup section */

/* Begin XCBuildConfiguration section */
		ABAF883C1ADF27A2008FE837 /* ad-hoc profile */ = {
			isa = XCBuildConfiguration;
			buildSettings = {
				ALWAYS_SEARCH_USER_PATHS = NO;
				CLANG_CXX_LANGUAGE_STANDARD = "gnu++0x";
				CLANG_CXX_LIBRARY = "libc++";
				CLANG_ENABLE_MODULES = YES;
				CLANG_ENABLE_OBJC_ARC = YES;
				CLANG_WARN_BOOL_CONVERSION = YES;
				CLANG_WARN_CONSTANT_CONVERSION = YES;
				CLANG_WARN_DIRECT_OBJC_ISA_USAGE = YES_ERROR;
				CLANG_WARN_EMPTY_BODY = YES;
				CLANG_WARN_ENUM_CONVERSION = YES;
				CLANG_WARN_INT_CONVERSION = YES;
				CLANG_WARN_OBJC_ROOT_CLASS = YES_ERROR;
				CLANG_WARN_UNREACHABLE_CODE = YES;
				CLANG_WARN__DUPLICATE_METHOD_MATCH = YES;
				"CODE_SIGN_IDENTITY[sdk=iphoneos*]" = "iPhone Developer";
				COPY_PHASE_STRIP = NO;
				ENABLE_NS_ASSERTIONS = NO;
				ENABLE_STRICT_OBJC_MSGSEND = YES;
				GCC_C_LANGUAGE_STANDARD = gnu99;
				GCC_WARN_64_TO_32_BIT_CONVERSION = YES;
				GCC_WARN_ABOUT_RETURN_TYPE = YES_ERROR;
				GCC_WARN_UNDECLARED_SELECTOR = YES;
				GCC_WARN_UNINITIALIZED_AUTOS = YES_AGGRESSIVE;
				GCC_WARN_UNUSED_FUNCTION = YES;
				GCC_WARN_UNUSED_VARIABLE = YES;
				IPHONEOS_DEPLOYMENT_TARGET = 8.2;
				MTL_ENABLE_DEBUG_INFO = NO;
				SDKROOT = iphoneos;
				VALIDATE_PRODUCT = YES;
			};
			name = "ad-hoc profile";
		};
		ABAF883D1ADF27A2008FE837 /* ad-hoc profile */ = {
			isa = XCBuildConfiguration;
			buildSettings = {
				ASSETCATALOG_COMPILER_APPICON_NAME = AppIcon;
				CODE_SIGN_IDENTITY = "iPhone Developer";
				"CODE_SIGN_IDENTITY[sdk=iphoneos*]" = "iPhone Developer";
				INFOPLIST_FILE = Fruity/Info.plist;
				IPHONEOS_DEPLOYMENT_TARGET = 8.1;
				LD_RUNPATH_SEARCH_PATHS = "$(inherited) @executable_path/Frameworks";
				PRODUCT_NAME = "$(TARGET_NAME)";
				PROVISIONING_PROFILE = "";
				TARGETED_DEVICE_FAMILY = 1;
			};
			name = "ad-hoc profile";
		};
		ABAF883E1ADF27A2008FE837 /* ad-hoc profile */ = {
			isa = XCBuildConfiguration;
			buildSettings = {
				BUNDLE_LOADER = "$(TEST_HOST)";
				FRAMEWORK_SEARCH_PATHS = (
					"$(SDKROOT)/Developer/Library/Frameworks",
					"$(inherited)",
				);
				INFOPLIST_FILE = FruityTests/Info.plist;
				LD_RUNPATH_SEARCH_PATHS = "$(inherited) @executable_path/Frameworks @loader_path/Frameworks";
				PRODUCT_NAME = "$(TARGET_NAME)";
				TEST_HOST = "$(BUILT_PRODUCTS_DIR)/Fruity.app/Fruity";
			};
			name = "ad-hoc profile";
		};
		ABC4288C1AD2335D00BDA15D /* Debug */ = {
			isa = XCBuildConfiguration;
			buildSettings = {
				ALWAYS_SEARCH_USER_PATHS = NO;
				CLANG_CXX_LANGUAGE_STANDARD = "gnu++0x";
				CLANG_CXX_LIBRARY = "libc++";
				CLANG_ENABLE_MODULES = YES;
				CLANG_ENABLE_OBJC_ARC = YES;
				CLANG_WARN_BOOL_CONVERSION = YES;
				CLANG_WARN_CONSTANT_CONVERSION = YES;
				CLANG_WARN_DIRECT_OBJC_ISA_USAGE = YES_ERROR;
				CLANG_WARN_EMPTY_BODY = YES;
				CLANG_WARN_ENUM_CONVERSION = YES;
				CLANG_WARN_INT_CONVERSION = YES;
				CLANG_WARN_OBJC_ROOT_CLASS = YES_ERROR;
				CLANG_WARN_UNREACHABLE_CODE = YES;
				CLANG_WARN__DUPLICATE_METHOD_MATCH = YES;
				"CODE_SIGN_IDENTITY[sdk=iphoneos*]" = "iPhone Developer";
				COPY_PHASE_STRIP = NO;
				ENABLE_STRICT_OBJC_MSGSEND = YES;
				GCC_C_LANGUAGE_STANDARD = gnu99;
				GCC_DYNAMIC_NO_PIC = NO;
				GCC_OPTIMIZATION_LEVEL = 0;
				GCC_PREPROCESSOR_DEFINITIONS = (
					"DEBUG=1",
					"$(inherited)",
				);
				GCC_SYMBOLS_PRIVATE_EXTERN = NO;
				GCC_WARN_64_TO_32_BIT_CONVERSION = YES;
				GCC_WARN_ABOUT_RETURN_TYPE = YES_ERROR;
				GCC_WARN_UNDECLARED_SELECTOR = YES;
				GCC_WARN_UNINITIALIZED_AUTOS = YES_AGGRESSIVE;
				GCC_WARN_UNUSED_FUNCTION = YES;
				GCC_WARN_UNUSED_VARIABLE = YES;
				IPHONEOS_DEPLOYMENT_TARGET = 8.2;
				MTL_ENABLE_DEBUG_INFO = YES;
				ONLY_ACTIVE_ARCH = YES;
				SDKROOT = iphoneos;
			};
			name = Debug;
		};
		ABC4288D1AD2335D00BDA15D /* Release */ = {
			isa = XCBuildConfiguration;
			buildSettings = {
				ALWAYS_SEARCH_USER_PATHS = NO;
				CLANG_CXX_LANGUAGE_STANDARD = "gnu++0x";
				CLANG_CXX_LIBRARY = "libc++";
				CLANG_ENABLE_MODULES = YES;
				CLANG_ENABLE_OBJC_ARC = YES;
				CLANG_WARN_BOOL_CONVERSION = YES;
				CLANG_WARN_CONSTANT_CONVERSION = YES;
				CLANG_WARN_DIRECT_OBJC_ISA_USAGE = YES_ERROR;
				CLANG_WARN_EMPTY_BODY = YES;
				CLANG_WARN_ENUM_CONVERSION = YES;
				CLANG_WARN_INT_CONVERSION = YES;
				CLANG_WARN_OBJC_ROOT_CLASS = YES_ERROR;
				CLANG_WARN_UNREACHABLE_CODE = YES;
				CLANG_WARN__DUPLICATE_METHOD_MATCH = YES;
				"CODE_SIGN_IDENTITY[sdk=iphoneos*]" = "iPhone Developer";
				COPY_PHASE_STRIP = NO;
				ENABLE_NS_ASSERTIONS = NO;
				ENABLE_STRICT_OBJC_MSGSEND = YES;
				GCC_C_LANGUAGE_STANDARD = gnu99;
				GCC_WARN_64_TO_32_BIT_CONVERSION = YES;
				GCC_WARN_ABOUT_RETURN_TYPE = YES_ERROR;
				GCC_WARN_UNDECLARED_SELECTOR = YES;
				GCC_WARN_UNINITIALIZED_AUTOS = YES_AGGRESSIVE;
				GCC_WARN_UNUSED_FUNCTION = YES;
				GCC_WARN_UNUSED_VARIABLE = YES;
				IPHONEOS_DEPLOYMENT_TARGET = 8.2;
				MTL_ENABLE_DEBUG_INFO = NO;
				SDKROOT = iphoneos;
				VALIDATE_PRODUCT = YES;
			};
			name = Release;
		};
		ABC4288F1AD2335D00BDA15D /* Debug */ = {
			isa = XCBuildConfiguration;
			buildSettings = {
				ASSETCATALOG_COMPILER_APPICON_NAME = AppIcon;
				CODE_SIGN_IDENTITY = "iPhone Developer";
				"CODE_SIGN_IDENTITY[sdk=iphoneos*]" = "iPhone Developer";
				INFOPLIST_FILE = Fruity/Info.plist;
				IPHONEOS_DEPLOYMENT_TARGET = 8.1;
				LD_RUNPATH_SEARCH_PATHS = "$(inherited) @executable_path/Frameworks";
				PRODUCT_NAME = "$(TARGET_NAME)";
				PROVISIONING_PROFILE = "";
				TARGETED_DEVICE_FAMILY = 1;
			};
			name = Debug;
		};
		ABC428901AD2335D00BDA15D /* Release */ = {
			isa = XCBuildConfiguration;
			buildSettings = {
				ASSETCATALOG_COMPILER_APPICON_NAME = AppIcon;
				CODE_SIGN_IDENTITY = "iPhone Developer";
				"CODE_SIGN_IDENTITY[sdk=iphoneos*]" = "iPhone Developer";
				INFOPLIST_FILE = Fruity/Info.plist;
				IPHONEOS_DEPLOYMENT_TARGET = 8.1;
				LD_RUNPATH_SEARCH_PATHS = "$(inherited) @executable_path/Frameworks";
				PRODUCT_NAME = "$(TARGET_NAME)";
				PROVISIONING_PROFILE = "";
				TARGETED_DEVICE_FAMILY = 1;
			};
			name = Release;
		};
		ABC428921AD2335D00BDA15D /* Debug */ = {
			isa = XCBuildConfiguration;
			buildSettings = {
				BUNDLE_LOADER = "$(TEST_HOST)";
				FRAMEWORK_SEARCH_PATHS = (
					"$(SDKROOT)/Developer/Library/Frameworks",
					"$(inherited)",
				);
				GCC_PREPROCESSOR_DEFINITIONS = (
					"DEBUG=1",
					"$(inherited)",
				);
				INFOPLIST_FILE = FruityTests/Info.plist;
				LD_RUNPATH_SEARCH_PATHS = "$(inherited) @executable_path/Frameworks @loader_path/Frameworks";
				PRODUCT_NAME = "$(TARGET_NAME)";
				TEST_HOST = "$(BUILT_PRODUCTS_DIR)/Fruity.app/Fruity";
			};
			name = Debug;
		};
		ABC428931AD2335D00BDA15D /* Release */ = {
			isa = XCBuildConfiguration;
			buildSettings = {
				BUNDLE_LOADER = "$(TEST_HOST)";
				FRAMEWORK_SEARCH_PATHS = (
					"$(SDKROOT)/Developer/Library/Frameworks",
					"$(inherited)",
				);
				INFOPLIST_FILE = FruityTests/Info.plist;
				LD_RUNPATH_SEARCH_PATHS = "$(inherited) @executable_path/Frameworks @loader_path/Frameworks";
				PRODUCT_NAME = "$(TARGET_NAME)";
				TEST_HOST = "$(BUILT_PRODUCTS_DIR)/Fruity.app/Fruity";
			};
			name = Release;
		};
/* End XCBuildConfiguration section */

/* Begin XCConfigurationList section */
		ABC428661AD2335D00BDA15D /* Build configuration list for PBXProject "Fruity" */ = {
			isa = XCConfigurationList;
			buildConfigurations = (
				ABC4288C1AD2335D00BDA15D /* Debug */,
				ABC4288D1AD2335D00BDA15D /* Release */,
				ABAF883C1ADF27A2008FE837 /* ad-hoc profile */,
			);
			defaultConfigurationIsVisible = 0;
			defaultConfigurationName = Release;
		};
		ABC4288E1AD2335D00BDA15D /* Build configuration list for PBXNativeTarget "Fruity" */ = {
			isa = XCConfigurationList;
			buildConfigurations = (
				ABC4288F1AD2335D00BDA15D /* Debug */,
				ABC428901AD2335D00BDA15D /* Release */,
				ABAF883D1ADF27A2008FE837 /* ad-hoc profile */,
			);
			defaultConfigurationIsVisible = 0;
			defaultConfigurationName = Release;
		};
		ABC428911AD2335D00BDA15D /* Build configuration list for PBXNativeTarget "FruityTests" */ = {
			isa = XCConfigurationList;
			buildConfigurations = (
				ABC428921AD2335D00BDA15D /* Debug */,
				ABC428931AD2335D00BDA15D /* Release */,
				ABAF883E1ADF27A2008FE837 /* ad-hoc profile */,
			);
			defaultConfigurationIsVisible = 0;
			defaultConfigurationName = Release;
		};
/* End XCConfigurationList section */
	};
	rootObject = ABC428631AD2335D00BDA15D /* Project object */;
}
